github.com/urfave/cli v1.20.0 h1:fDqGv3UG/4jbVl/QkFwEdddtEDjh/5Ov6X+0B/3bPaw=
github.com/urfave/cli v1.20.0/go.mod h1:70zkFmudgCuE/ngEzBv17Jvp/497gISqfk5gWijbERA=
github.com/yukithm/json2csv v0.1.1 h1:GA+fHgyx/YX74y+bZKFbrxPcHRhkHpyBDlJxFIt9x4c=
github.com/yukithm/json2csv v0.1.1/go.mod h1:DiytIJ+lf85x6MbsHuEpM6X59BvgNS4Kh0QDtORy5AE=
